
Microsoft Visual Studio Solution File, Format Version 11.00
# Visual C# Express 2010
Project("{FAE04EC0-301F-11D3-BF4B-00C04F79EFBC}") = "LevelEditor", "LevelEditor\LevelEditor\LevelEditor.csproj", "{1E1E61D6-17D9-4FB6-B538-14DC28875437}"
EndProject
Project("{96E2B04D-8817-42C6-938A-82C39BA4D311}") = "LevelEditorContent", "LevelEditor\LevelEditorContent\LevelEditorContent.contentproj", "{AFA62A41-624E-4154-B372-433A1D4D1359}"
EndProject
Global
	GlobalSection(SolutionConfigurationPlatforms) = preSolution
		Debug|x86 = Debug|x86
		Release|x86 = Release|x86
	EndGlobalSection
	GlobalSection(ProjectConfigurationPlatforms) = postSolution
		{1E1E61D6-17D9-4FB6-B538-14DC28875437}.Debug|x86.ActiveCfg = Debug|x86
		{1E1E61D6-17D9-4FB6-B538-14DC28875437}.Debug|x86.Build.0 = Debug|x86
		{1E1E61D6-17D9-4FB6-B538-14DC28875437}.Release|x86.ActiveCfg = Release|x86
		{1E1E61D6-17D9-4FB6-B538-14DC28875437}.Release|x86.Build.0 = Release|x86
		{AFA62A41-624E-4154-B372-433A1D4D1359}.Debug|x86.ActiveCfg = Debug|x86
		{AFA62A41-624E-4154-B372-433A1D4D1359}.Release|x86.ActiveCfg = Release|x86
	EndGlobalSection
	GlobalSection(SolutionProperties) = preSolution
		HideSolutionNode = FALSE
	EndGlobalSection
EndGlobal
